
Microsoft Visual Studio Solution File, Format Version 11.00
# Visual Studio 2010
Project("{8BC9CEB8-8B4A-11D0-8D11-00A0C91BC942}") = "cpp-rce-lib", "cpp-rce-lib\cpp-rce-lib.vcxproj", "{92266E5B-5721-470C-AE60-302F86E302E4}"
EndProject
Project("{8BC9CEB8-8B4A-11D0-8D11-00A0C91BC942}") = "test", "test\test.vcxproj", "{EFDE21BF-051F-4815-B53A-D452257DB353}"
EndProject
Global
	GlobalSection(SolutionConfigurationPlatforms) = preSolution
		Debug|Win32 = Debug|Win32
		Release|Win32 = Release|Win32
		Release-CLR|Win32 = Release-CLR|Win32
	EndGlobalSection
	GlobalSection(ProjectConfigurationPlatforms) = postSolution
		{92266E5B-5721-470C-AE60-302F86E302E4}.Debug|Win32.ActiveCfg = Debug|Win32
		{92266E5B-5721-470C-AE60-302F86E302E4}.Debug|Win32.Build.0 = Debug|Win32
		{92266E5B-5721-470C-AE60-302F86E302E4}.Release|Win32.ActiveCfg = Release|Win32
		{92266E5B-5721-470C-AE60-302F86E302E4}.Release|Win32.Build.0 = Release|Win32
		{92266E5B-5721-470C-AE60-302F86E302E4}.Release-CLR|Win32.ActiveCfg = Release-CLR|Win32
		{92266E5B-5721-470C-AE60-302F86E302E4}.Release-CLR|Win32.Build.0 = Release-CLR|Win32
		{EFDE21BF-051F-4815-B53A-D452257DB353}.Debug|Win32.ActiveCfg = Debug|Win32
		{EFDE21BF-051F-4815-B53A-D452257DB353}.Debug|Win32.Build.0 = Debug|Win32
		{EFDE21BF-051F-4815-B53A-D452257DB353}.Release|Win32.ActiveCfg = Release|Win32
		{EFDE21BF-051F-4815-B53A-D452257DB353}.Release|Win32.Build.0 = Release|Win32
		{EFDE21BF-051F-4815-B53A-D452257DB353}.Release-CLR|Win32.ActiveCfg = Release-CLR|Win32
		{EFDE21BF-051F-4815-B53A-D452257DB353}.Release-CLR|Win32.Build.0 = Release-CLR|Win32
	EndGlobalSection
	GlobalSection(SolutionProperties) = preSolution
		HideSolutionNode = FALSE
	EndGlobalSection
EndGlobal
